// !$*UTF8*$!
{
	archiveVersion = 1;
	classes = {
	};
	objectVersion = 56;
	objects = {

/* Begin PBXBuildFile section */
		0954332F1C4DC0FC9CED30E2 /* ContentView.swift in Sources */ = {isa = PBXBuildFile; fileRef = 32E1ED5C1C5E52A07C922A70; };
		F749BE8EB8DF4680D1569173 /* MainTabView.swift in Sources */ = {isa = PBXBuildFile; fileRef = 1CA6BBCBE74BD05B1A9E106D; };
		06657EB41C74B2815E9AFD38 /* SoulSpeakApp.swift in Sources */ = {isa = PBXBuildFile; fileRef = 622D6B7546429E84F742BB55; };
		9DF391A916B3236249556FA9 /* JournalEntry.swift in Sources */ = {isa = PBXBuildFile; fileRef = B99462109541EF961A880E14; };
		4109C9A959561682BE6D3FF1 /* MoodEntry.swift in Sources */ = {isa = PBXBuildFile; fileRef = 749D880B9C6C077A5A23C47F; };
		397373EA9BF34510EFDBD1EE /* UserSettings.swift in Sources */ = {isa = PBXBuildFile; fileRef = E4D0C44A98DF84B5F8A3752A; };
		54660D7B4417B889C25FB716 /* DrHopeListeningView.swift in Sources */ = {isa = PBXBuildFile; fileRef = 5BA4FA825DF63526F01A7BD9; };
		37743E881EA0D4D399F9AEB1 /* VoiceJournalView.swift in Sources */ = {isa = PBXBuildFile; fileRef = 1683D205EE0ACDD3CF77AA22; };
		7DE6D0F62A67451F7A60FF95 /* WaveformView.swift in Sources */ = {isa = PBXBuildFile; fileRef = D389E6BCEB9013961BED9734; };
		2448C28B7E3B01815E5E6DFF /* SettingsView.swift in Sources */ = {isa = PBXBuildFile; fileRef = C5265725617D6CCD75E2473C; };
		A42A61BE192C461F585E061B /* MoodTrackerView.swift in Sources */ = {isa = PBXBuildFile; fileRef = DB8517198D8647108EE747C4; };
		4C30D4135E3E9E48EB8E0F70 /* AnalyticsView.swift in Sources */ = {isa = PBXBuildFile; fileRef = 89462EFE92DBF877D9ECD19F; };
		0969038929DB979C39628C8C /* DisclaimerView.swift in Sources */ = {isa = PBXBuildFile; fileRef = 4EB82BFED2DC82F8F9CE3581; };
		C279C5BC9B7584BAE2CF66D1 /* IntroSequenceView.swift in Sources */ = {isa = PBXBuildFile; fileRef = A9B8607F5E7066A28014C707; };
		8C1F8ADAC09B7A3AA05F1EFB /* VideoPlayerView.swift in Sources */ = {isa = PBXBuildFile; fileRef = FB906CC691C59AC2A98B9611; };
		EBF6430DD7D6885583A90C0C /* WelcomeView.swift in Sources */ = {isa = PBXBuildFile; fileRef = 0C8D6B06585CF61A549B5147; };
		677892B20E7A1BE74B2982B8 /* PrayerOutroView.swift in Sources */ = {isa = PBXBuildFile; fileRef = 4E527B9177DFAF14D72FA385; };
		2F49C96A0B6C84315633545D /* ConversationView.swift in Sources */ = {isa = PBXBuildFile; fileRef = 5E0297D496BBD3050A7D4029; };
		0569BAC28BF042288239015C /* PaywallView.swift in Sources */ = {isa = PBXBuildFile; fileRef = A5E0524D9599A1C637FE4B60; };
		7F5B27B9F15D6CBC7CFF6962 /* DestructionRoomView.swift in Sources */ = {isa = PBXBuildFile; fileRef = 35F865494BE90AB21FC55D6D; };
		E9EAEE8B416C9E49789A341F /* PaperBurnView.swift in Sources */ = {isa = PBXBuildFile; fileRef = C2A4BCEC55D2AD58289F8FC1; };
		37CA97D0DF99FDBCC9F897CE /* ReleaseView.swift in Sources */ = {isa = PBXBuildFile; fileRef = FD787163C78F536FBAE3F45D; };
		35C248B9F06D4D60F55021B4 /* VentPlaybackView.swift in Sources */ = {isa = PBXBuildFile; fileRef = 6289BBB53C1204A78E175A41; };
		EBEAAE8B7BD711DDD7D8AAE8 /* VentRecordingView.swift in Sources */ = {isa = PBXBuildFile; fileRef = DDB0EBA415265E7955271330; };
		773303713D7B4D0F2853A36D /* VentRoomView.swift in Sources */ = {isa = PBXBuildFile; fileRef = C83A9DDA50C643AD6C05E4BE; };
		E12BC09FA31FBEC2C4CE2D02 /* AudioPlayerService.swift in Sources */ = {isa = PBXBuildFile; fileRef = EF054A96FF29BC9B21C3F24B; };
		BCD8992ADFD43605C46CE094 /* DrHopeResponseEngine.swift in Sources */ = {isa = PBXBuildFile; fileRef = 5DFE74BEDFFD295C04ED9243; };
		789B69BF3346253F312865A5 /* GeminiService.swift in Sources */ = {isa = PBXBuildFile; fileRef = FCE9D4761C01ECC988F07325; };
		22A0CD6DBAB9BCFE03C700B4 /* NotificationService.swift in Sources */ = {isa = PBXBuildFile; fileRef = BA941BB4654465D92536FB86; };
		41B4857CB89549578B0EF243 /* ScriptureService.swift in Sources */ = {isa = PBXBuildFile; fileRef = 45ECB73B75479B98DD13D0D4; };
		0A6F20999227E28CC88DD052 /* SpeechRecognitionService.swift in Sources */ = {isa = PBXBuildFile; fileRef = EBEADDFA4950D2E1BA2337F8; };
		77B91F9A996FBF1BDF09F2EF /* StoreKitService.swift in Sources */ = {isa = PBXBuildFile; fileRef = 6A8D34FC011A27FF60B37FC7; };
		F600B2FD57C48E13754AC1AE /* TextToSpeechService.swift in Sources */ = {isa = PBXBuildFile; fileRef = 2EE0B6440F8A436297371B91; };
		05B249C2541500634D02684F /* VoiceRecorderService.swift in Sources */ = {isa = PBXBuildFile; fileRef = A2865AAB519B73AC9C9C1884; };
		87724417D64B9DCDE3DCE83B /* SoulSpeakTheme.swift in Sources */ = {isa = PBXBuildFile; fileRef = 8FFF6B8D12CF6A95E0478B02; };
		99810209AD4FE3320BC122AD /* Assets.xcassets in Resources */ = {isa = PBXBuildFile; fileRef = 58F02208A1E6A99468703A4E; };
		685B13812F121CB0D1F0FBF9 /* RageRoomSceneManager.swift in Sources */ = {isa = PBXBuildFile; fileRef = B7305F7720AB475F81AC7E11; };
		72131D0962117B958B6E639B /* CenteredView.swift in Sources */ = {isa = PBXBuildFile; fileRef = AEAE390F961B51F8914B262F; };
		A1C1E6FDFFE6C644351B1565 /* SoundscapesView.swift in Sources */ = {isa = PBXBuildFile; fileRef = 10164713547C9DB5D98253D1; };
		34F115C2CBA10426FA41CC70 /* EthiopianBibleView.swift in Sources */ = {isa = PBXBuildFile; fileRef = CE230AE0A65C559F9B272613; };
		C21EFC0875484E4216170B2F /* MeditationCatalogView.swift in Sources */ = {isa = PBXBuildFile; fileRef = ABBEE040121BF5BC47AD64A1; };
		538F4E740271BE86EEF4DC1E /* AccountabilityCategory.swift in Sources */ = {isa = PBXBuildFile; fileRef = B825D27F9DB1DE86C520B815; };
		684AF07C362E59C7D42097F2 /* UserProfile.swift in Sources */ = {isa = PBXBuildFile; fileRef = 78729E1742EC47B77040D333; };
		13B1BB6CC3113DCCA0E8A03C /* CheckInService.swift in Sources */ = {isa = PBXBuildFile; fileRef = D3CFBFF81C548CCB7E3778E7; };
		A32BFAB1B14BC7C5AB8549F0 /* EmergencyService.swift in Sources */ = {isa = PBXBuildFile; fileRef = B00B2F5E610608F8E41FA85B; };
		5AD061437011DCEC857BEA86 /* AccountabilityCategoriesView.swift in Sources */ = {isa = PBXBuildFile; fileRef = 975DFFC55315A85F0E9A9BC6; };
		0A3336E56A336B7CBF2BE7B0 /* EmergencyView.swift in Sources */ = {isa = PBXBuildFile; fileRef = 2CEF1E9D6E28FEEAB3F656D2; };
/* End PBXBuildFile section */

/* Begin PBXFileReference section */
		32E1ED5C1C5E52A07C922A70 /* ContentView.swift */ = {isa = PBXFileReference; lastKnownFileType = sourcecode.swift; path = ContentView.swift; sourceTree = "<group>"; };
		1CA6BBCBE74BD05B1A9E106D /* MainTabView.swift */ = {isa = PBXFileReference; lastKnownFileType = sourcecode.swift; path = MainTabView.swift; sourceTree = "<group>"; };
		622D6B7546429E84F742BB55 /* SoulSpeakApp.swift */ = {isa = PBXFileReference; lastKnownFileType = sourcecode.swift; path = SoulSpeakApp.swift; sourceTree = "<group>"; };
		B99462109541EF961A880E14 /* JournalEntry.swift */ = {isa = PBXFileReference; lastKnownFileType = sourcecode.swift; path = JournalEntry.swift; sourceTree = "<group>"; };
		749D880B9C6C077A5A23C47F /* MoodEntry.swift */ = {isa = PBXFileReference; lastKnownFileType = sourcecode.swift; path = MoodEntry.swift; sourceTree = "<group>"; };
		E4D0C44A98DF84B5F8A3752A /* UserSettings.swift */ = {isa = PBXFileReference; lastKnownFileType = sourcecode.swift; path = UserSettings.swift; sourceTree = "<group>"; };
		5BA4FA825DF63526F01A7BD9 /* DrHopeListeningView.swift */ = {isa = PBXFileReference; lastKnownFileType = sourcecode.swift; path = DrHopeListeningView.swift; sourceTree = "<group>"; };
		1683D205EE0ACDD3CF77AA22 /* VoiceJournalView.swift */ = {isa = PBXFileReference; lastKnownFileType = sourcecode.swift; path = VoiceJournalView.swift; sourceTree = "<group>"; };
		D389E6BCEB9013961BED9734 /* WaveformView.swift */ = {isa = PBXFileReference; lastKnownFileType = sourcecode.swift; path = WaveformView.swift; sourceTree = "<group>"; };
		C5265725617D6CCD75E2473C /* SettingsView.swift */ = {isa = PBXFileReference; lastKnownFileType = sourcecode.swift; path = SettingsView.swift; sourceTree = "<group>"; };
		DB8517198D8647108EE747C4 /* MoodTrackerView.swift */ = {isa = PBXFileReference; lastKnownFileType = sourcecode.swift; path = MoodTrackerView.swift; sourceTree = "<group>"; };
		89462EFE92DBF877D9ECD19F /* AnalyticsView.swift */ = {isa = PBXFileReference; lastKnownFileType = sourcecode.swift; path = AnalyticsView.swift; sourceTree = "<group>"; };
		4EB82BFED2DC82F8F9CE3581 /* DisclaimerView.swift */ = {isa = PBXFileReference; lastKnownFileType = sourcecode.swift; path = DisclaimerView.swift; sourceTree = "<group>"; };
		A9B8607F5E7066A28014C707 /* IntroSequenceView.swift */ = {isa = PBXFileReference; lastKnownFileType = sourcecode.swift; path = IntroSequenceView.swift; sourceTree = "<group>"; };
		FB906CC691C59AC2A98B9611 /* VideoPlayerView.swift */ = {isa = PBXFileReference; lastKnownFileType = sourcecode.swift; path = VideoPlayerView.swift; sourceTree = "<group>"; };
		0C8D6B06585CF61A549B5147 /* WelcomeView.swift */ = {isa = PBXFileReference; lastKnownFileType = sourcecode.swift; path = WelcomeView.swift; sourceTree = "<group>"; };
		4E527B9177DFAF14D72FA385 /* PrayerOutroView.swift */ = {isa = PBXFileReference; lastKnownFileType = sourcecode.swift; path = PrayerOutroView.swift; sourceTree = "<group>"; };
		5E0297D496BBD3050A7D4029 /* ConversationView.swift */ = {isa = PBXFileReference; lastKnownFileType = sourcecode.swift; path = ConversationView.swift; sourceTree = "<group>"; };
		A5E0524D9599A1C637FE4B60 /* PaywallView.swift */ = {isa = PBXFileReference; lastKnownFileType = sourcecode.swift; path = PaywallView.swift; sourceTree = "<group>"; };
		35F865494BE90AB21FC55D6D /* DestructionRoomView.swift */ = {isa = PBXFileReference; lastKnownFileType = sourcecode.swift; path = DestructionRoomView.swift; sourceTree = "<group>"; };
		C2A4BCEC55D2AD58289F8FC1 /* PaperBurnView.swift */ = {isa = PBXFileReference; lastKnownFileType = sourcecode.swift; path = PaperBurnView.swift; sourceTree = "<group>"; };
		FD787163C78F536FBAE3F45D /* ReleaseView.swift */ = {isa = PBXFileReference; lastKnownFileType = sourcecode.swift; path = ReleaseView.swift; sourceTree = "<group>"; };
		6289BBB53C1204A78E175A41 /* VentPlaybackView.swift */ = {isa = PBXFileReference; lastKnownFileType = sourcecode.swift; path = VentPlaybackView.swift; sourceTree = "<group>"; };
		DDB0EBA415265E7955271330 /* VentRecordingView.swift */ = {isa = PBXFileReference; lastKnownFileType = sourcecode.swift; path = VentRecordingView.swift; sourceTree = "<group>"; };
		C83A9DDA50C643AD6C05E4BE /* VentRoomView.swift */ = {isa = PBXFileReference; lastKnownFileType = sourcecode.swift; path = VentRoomView.swift; sourceTree = "<group>"; };
		EF054A96FF29BC9B21C3F24B /* AudioPlayerService.swift */ = {isa = PBXFileReference; lastKnownFileType = sourcecode.swift; path = AudioPlayerService.swift; sourceTree = "<group>"; };
		5DFE74BEDFFD295C04ED9243 /* DrHopeResponseEngine.swift */ = {isa = PBXFileReference; lastKnownFileType = sourcecode.swift; path = DrHopeResponseEngine.swift; sourceTree = "<group>"; };
		FCE9D4761C01ECC988F07325 /* GeminiService.swift */ = {isa = PBXFileReference; lastKnownFileType = sourcecode.swift; path = GeminiService.swift; sourceTree = "<group>"; };
		BA941BB4654465D92536FB86 /* NotificationService.swift */ = {isa = PBXFileReference; lastKnownFileType = sourcecode.swift; path = NotificationService.swift; sourceTree = "<group>"; };
		45ECB73B75479B98DD13D0D4 /* ScriptureService.swift */ = {isa = PBXFileReference; lastKnownFileType = sourcecode.swift; path = ScriptureService.swift; sourceTree = "<group>"; };
		EBEADDFA4950D2E1BA2337F8 /* SpeechRecognitionService.swift */ = {isa = PBXFileReference; lastKnownFileType = sourcecode.swift; path = SpeechRecognitionService.swift; sourceTree = "<group>"; };
		6A8D34FC011A27FF60B37FC7 /* StoreKitService.swift */ = {isa = PBXFileReference; lastKnownFileType = sourcecode.swift; path = StoreKitService.swift; sourceTree = "<group>"; };
		2EE0B6440F8A436297371B91 /* TextToSpeechService.swift */ = {isa = PBXFileReference; lastKnownFileType = sourcecode.swift; path = TextToSpeechService.swift; sourceTree = "<group>"; };
		A2865AAB519B73AC9C9C1884 /* VoiceRecorderService.swift */ = {isa = PBXFileReference; lastKnownFileType = sourcecode.swift; path = VoiceRecorderService.swift; sourceTree = "<group>"; };
		8FFF6B8D12CF6A95E0478B02 /* SoulSpeakTheme.swift */ = {isa = PBXFileReference; lastKnownFileType = sourcecode.swift; path = SoulSpeakTheme.swift; sourceTree = "<group>"; };
		58F02208A1E6A99468703A4E /* Assets.xcassets */ = {isa = PBXFileReference; lastKnownFileType = folder.assetcatalog; path = Assets.xcassets; sourceTree = "<group>"; };
		D644AFBB5A54E9F05256CDF1 /* Info.plist */ = {isa = PBXFileReference; lastKnownFileType = text.plist.xml; path = Info.plist; sourceTree = "<group>"; };
		8BEFD367C4AB92E0F59B0B1F /* SoulSpeak.app */ = {isa = PBXFileReference; explicitFileType = wrapper.application; includeInIndex = 0; path = SoulSpeak.app; sourceTree = BUILT_PRODUCTS_DIR; };
		B7305F7720AB475F81AC7E11 /* RageRoomSceneManager.swift */ = {isa = PBXFileReference; lastKnownFileType = sourcecode.swift; path = RageRoomSceneManager.swift; sourceTree = "<group>"; };
		AEAE390F961B51F8914B262F /* CenteredView.swift */ = {isa = PBXFileReference; lastKnownFileType = sourcecode.swift; path = CenteredView.swift; sourceTree = "<group>"; };
		10164713547C9DB5D98253D1 /* SoundscapesView.swift */ = {isa = PBXFileReference; lastKnownFileType = sourcecode.swift; path = SoundscapesView.swift; sourceTree = "<group>"; };
		CE230AE0A65C559F9B272613 /* EthiopianBibleView.swift */ = {isa = PBXFileReference; lastKnownFileType = sourcecode.swift; path = EthiopianBibleView.swift; sourceTree = "<group>"; };
		ABBEE040121BF5BC47AD64A1 /* MeditationCatalogView.swift */ = {isa = PBXFileReference; lastKnownFileType = sourcecode.swift; path = MeditationCatalogView.swift; sourceTree = "<group>"; };
		B825D27F9DB1DE86C520B815 /* AccountabilityCategory.swift */ = {isa = PBXFileReference; lastKnownFileType = sourcecode.swift; path = AccountabilityCategory.swift; sourceTree = "<group>"; };
		78729E1742EC47B77040D333 /* UserProfile.swift */ = {isa = PBXFileReference; lastKnownFileType = sourcecode.swift; path = UserProfile.swift; sourceTree = "<group>"; };
		D3CFBFF81C548CCB7E3778E7 /* CheckInService.swift */ = {isa = PBXFileReference; lastKnownFileType = sourcecode.swift; path = CheckInService.swift; sourceTree = "<group>"; };
		B00B2F5E610608F8E41FA85B /* EmergencyService.swift */ = {isa = PBXFileReference; lastKnownFileType = sourcecode.swift; path = EmergencyService.swift; sourceTree = "<group>"; };
		975DFFC55315A85F0E9A9BC6 /* AccountabilityCategoriesView.swift */ = {isa = PBXFileReference; lastKnownFileType = sourcecode.swift; path = AccountabilityCategoriesView.swift; sourceTree = "<group>"; };
		2CEF1E9D6E28FEEAB3F656D2 /* EmergencyView.swift */ = {isa = PBXFileReference; lastKnownFileType = sourcecode.swift; path = EmergencyView.swift; sourceTree = "<group>"; };
/* End PBXFileReference section */

/* Begin PBXFrameworksBuildPhase section */
		A6E8E7DF88D31078DBF4E18B /* Frameworks */ = {
			isa = PBXFrameworksBuildPhase;
			buildActionMask = 2147483647;
			files = (
			);
			runOnlyForDeploymentPostprocessing = 0;
		};
/* End PBXFrameworksBuildPhase section */

/* Begin PBXGroup section */
		71D2E56247FE75C3DCE9B609 = {
			isa = PBXGroup;
			children = (
				B310C908B026D26B74A758FC /* SoulSpeak */,
				30772F61AC9BDC8631745269 /* Products */,
			);
			sourceTree = "<group>";
		};
		30772F61AC9BDC8631745269 /* Products */ = {
			isa = PBXGroup;
			children = (8BEFD367C4AB92E0F59B0B1F,);
			name = Products;
			sourceTree = "<group>";
		};
		B310C908B026D26B74A758FC /* SoulSpeak */ = {
			isa = PBXGroup;
			children = (
				FE910D29D648D8F2EA669AEF /* App */,
				9CF43B31E8845D861542A38E /* Models */,
				564EAF51B7DD4639ADD9B985 /* Services */,
				7999BCA23EC4E9B2C00838D3 /* Theme */,
				C454586A1F4E28C340BDC1AD /* Views */,
				58F02208A1E6A99468703A4E /* Assets.xcassets */,
				D644AFBB5A54E9F05256CDF1 /* Info.plist */,
			);
			path = SoulSpeak;
			sourceTree = "<group>";
		};
		FE910D29D648D8F2EA669AEF /* App */ = {
			isa = PBXGroup;
			children = (
				32E1ED5C1C5E52A07C922A70 /* ContentView.swift */,
				1CA6BBCBE74BD05B1A9E106D /* MainTabView.swift */,
				622D6B7546429E84F742BB55 /* SoulSpeakApp.swift */,
			);
			path = App;
			sourceTree = "<group>";
		};
		9CF43B31E8845D861542A38E /* Models */ = {
			isa = PBXGroup;
			children = (
				B99462109541EF961A880E14 /* JournalEntry.swift */,
				749D880B9C6C077A5A23C47F /* MoodEntry.swift */,
				E4D0C44A98DF84B5F8A3752A /* UserSettings.swift */,
			);
			path = Models;
			sourceTree = "<group>";
		};
		564EAF51B7DD4639ADD9B985 /* Services */ = {
			isa = PBXGroup;
			children = (
				EF054A96FF29BC9B21C3F24B /* AudioPlayerService.swift */,
				5DFE74BEDFFD295C04ED9243 /* DrHopeResponseEngine.swift */,
				FCE9D4761C01ECC988F07325 /* GeminiService.swift */,
				BA941BB4654465D92536FB86 /* NotificationService.swift */,
				45ECB73B75479B98DD13D0D4 /* ScriptureService.swift */,
				EBEADDFA4950D2E1BA2337F8 /* SpeechRecognitionService.swift */,
				6A8D34FC011A27FF60B37FC7 /* StoreKitService.swift */,
				2EE0B6440F8A436297371B91 /* TextToSpeechService.swift */,
				A2865AAB519B73AC9C9C1884 /* VoiceRecorderService.swift */,
			);
			path = Services;
			sourceTree = "<group>";
		};
		7999BCA23EC4E9B2C00838D3 /* Theme */ = {
			isa = PBXGroup;
			children = (
				8FFF6B8D12CF6A95E0478B02 /* SoulSpeakTheme.swift */,
			);
			path = Theme;
			sourceTree = "<group>";
		};
		C454586A1F4E28C340BDC1AD /* Views */ = {
			isa = PBXGroup;
			children = (
				411FB2E6D36F4B114885A8BE /* Analytics */,
				6A4A5194513E89696377E642 /* Components */,
				4F35D123D1144C57E8444C35 /* MoodTracker */,
				6C584B4931B663D6E04F2B0E /* Prayer */,
				4F60404FBFDF40A2513E2919 /* Settings */,
				63E9F2A7E9AC95B4E9C1747F /* VentRoom */,
				98E8C311A466173B522EF595 /* VoiceJournal */,
				3626A7CA9D456D2C821F9E87 /* Welcome */,
			
				E7CF8A8769B2CBF51B4E35BB /* Centered */,);
			path = Views;
			sourceTree = "<group>";
		};
		411FB2E6D36F4B114885A8BE /* Analytics */ = {
			isa = PBXGroup;
			children = (
				89462EFE92DBF877D9ECD19F /* AnalyticsView.swift */,
			);
			path = Analytics;
			sourceTree = "<group>";
		};
		6A4A5194513E89696377E642 /* Components */ = {
			isa = PBXGroup;
			children = (
				5E0297D496BBD3050A7D4029 /* ConversationView.swift */,
				A5E0524D9599A1C637FE4B60 /* PaywallView.swift */,
			);
			path = Components;
			sourceTree = "<group>";
		};
		4F35D123D1144C57E8444C35 /* MoodTracker */ = {
			isa = PBXGroup;
			children = (
				DB8517198D8647108EE747C4 /* MoodTrackerView.swift */,
			);
			path = MoodTracker;
			sourceTree = "<group>";
		};
		6C584B4931B663D6E04F2B0E /* Prayer */ = {
			isa = PBXGroup;
			children = (
				4E527B9177DFAF14D72FA385 /* PrayerOutroView.swift */,
			);
			path = Prayer;
			sourceTree = "<group>";
		};
		4F60404FBFDF40A2513E2919 /* Settings */ = {
			isa = PBXGroup;
			children = (
				C5265725617D6CCD75E2473C /* SettingsView.swift */,
			);
			path = Settings;
			sourceTree = "<group>";
		};
		63E9F2A7E9AC95B4E9C1747F /* VentRoom */ = {
			isa = PBXGroup;
			children = (
				35F865494BE90AB21FC55D6D /* DestructionRoomView.swift */,
				C2A4BCEC55D2AD58289F8FC1 /* PaperBurnView.swift */,
				FD787163C78F536FBAE3F45D /* ReleaseView.swift */,
				6289BBB53C1204A78E175A41 /* VentPlaybackView.swift */,
				DDB0EBA415265E7955271330 /* VentRecordingView.swift */,
				C83A9DDA50C643AD6C05E4BE /* VentRoomView.swift */,
			
				B7305F7720AB475F81AC7E11 /* RageRoomSceneManager.swift */,);
			path = VentRoom;
			sourceTree = "<group>";
		};
		98E8C311A466173B522EF595 /* VoiceJournal */ = {
			isa = PBXGroup;
			children = (
				5BA4FA825DF63526F01A7BD9 /* DrHopeListeningView.swift */,
				1683D205EE0ACDD3CF77AA22 /* VoiceJournalView.swift */,
				D389E6BCEB9013961BED9734 /* WaveformView.swift */,
			);
			path = VoiceJournal;
			sourceTree = "<group>";
		};
		3626A7CA9D456D2C821F9E87 /* Welcome */ = {
			isa = PBXGroup;
			children = (
				4EB82BFED2DC82F8F9CE3581 /* DisclaimerView.swift */,
				A9B8607F5E7066A28014C707 /* IntroSequenceView.swift */,
				FB906CC691C59AC2A98B9611 /* VideoPlayerView.swift */,
				0C8D6B06585CF61A549B5147 /* WelcomeView.swift */,
			);
			path = Welcome;
			sourceTree = "<group>";
		};
		E7CF8A8769B2CBF51B4E35BB /* Centered */ = {
			isa = PBXGroup;
			children = (
				AEAE390F961B51F8914B262F /* CenteredView.swift */,
				10164713547C9DB5D98253D1 /* SoundscapesView.swift */,
				CE230AE0A65C559F9B272613 /* EthiopianBibleView.swift */,
				ABBEE040121BF5BC47AD64A1 /* MeditationCatalogView.swift */,
			);
			path = Centered;
			sourceTree = "<group>";
		};
/* End PBXGroup section */

/* Begin PBXNativeTarget section */
		5E82CDF5B4204F549A80BC74 /* SoulSpeak */ = {
			isa = PBXNativeTarget;
			buildConfigurationList = 16B36AFD00302EC1CB39BFDE;
			buildPhases = (65FA6119905E087A5E53253D, A6E8E7DF88D31078DBF4E18B, 7997A58CB6F97DD5FFDE7900,);
			buildRules = ();
			dependencies = ();
			name = SoulSpeak;
			productName = SoulSpeak;
			productReference = 8BEFD367C4AB92E0F59B0B1F;
			productType = "com.apple.product-type.application";
		};
/* End PBXNativeTarget section */

/* Begin PBXProject section */
		FC84EEE1CAC8D754B48B840A /* Project object */ = {
			isa = PBXProject;
			attributes = {
				BuildIndependentTargetsInParallel = 1;
				LastSwiftUpdateCheck = 1540;
				LastUpgradeCheck = 1540;
				TargetAttributes = {
					5E82CDF5B4204F549A80BC74 = {CreatedOnToolsVersion = 15.4;};
				};
			};
			buildConfigurationList = 69928A538C279294B2B0A8FA;
			compatibilityVersion = "Xcode 14.0";
			developmentRegion = en;
			hasScannedForEncodings = 0;
			knownRegions = (en, Base,);
			mainGroup = 71D2E56247FE75C3DCE9B609;
			productRefGroup = 30772F61AC9BDC8631745269;
			projectDirPath = "";
			projectRoot = "";
			targets = (5E82CDF5B4204F549A80BC74,);
		};
/* End PBXProject section */

/* Begin PBXResourcesBuildPhase section */
		7997A58CB6F97DD5FFDE7900 = {
			isa = PBXResourcesBuildPhase;
			buildActionMask = 2147483647;
			files = (99810209AD4FE3320BC122AD,);
			runOnlyForDeploymentPostprocessing = 0;
		};
/* End PBXResourcesBuildPhase section */

/* Begin PBXSourcesBuildPhase section */
		65FA6119905E087A5E53253D = {
			isa = PBXSourcesBuildPhase;
			buildActionMask = 2147483647;
			files = (
				0954332F1C4DC0FC9CED30E2,
				F749BE8EB8DF4680D1569173,
				06657EB41C74B2815E9AFD38,
				9DF391A916B3236249556FA9,
				4109C9A959561682BE6D3FF1,
				397373EA9BF34510EFDBD1EE,
				54660D7B4417B889C25FB716,
				37743E881EA0D4D399F9AEB1,
				7DE6D0F62A67451F7A60FF95,
				2448C28B7E3B01815E5E6DFF,
				A42A61BE192C461F585E061B,
				4C30D4135E3E9E48EB8E0F70,
				0969038929DB979C39628C8C,
				C279C5BC9B7584BAE2CF66D1,
				8C1F8ADAC09B7A3AA05F1EFB,
				EBF6430DD7D6885583A90C0C,
				677892B20E7A1BE74B2982B8,
				2F49C96A0B6C84315633545D,
				0569BAC28BF042288239015C,
				7F5B27B9F15D6CBC7CFF6962,
				E9EAEE8B416C9E49789A341F,
				37CA97D0DF99FDBCC9F897CE,
				35C248B9F06D4D60F55021B4,
				EBEAAE8B7BD711DDD7D8AAE8,
				773303713D7B4D0F2853A36D,
				E12BC09FA31FBEC2C4CE2D02,
				BCD8992ADFD43605C46CE094,
				789B69BF3346253F312865A5,
				22A0CD6DBAB9BCFE03C700B4,
				41B4857CB89549578B0EF243,
				0A6F20999227E28CC88DD052,
				77B91F9A996FBF1BDF09F2EF,
				F600B2FD57C48E13754AC1AE,
				05B249C2541500634D02684F,
				87724417D64B9DCDE3DCE83B,
				685B13812F121CB0D1F0FBF9,
				72131D0962117B958B6E639B,
				A1C1E6FDFFE6C644351B1565,
				34F115C2CBA10426FA41CC70,
				C21EFC0875484E4216170B2F,
				538F4E740271BE86EEF4DC1E,
				684AF07C362E59C7D42097F2,
				13B1BB6CC3113DCCA0E8A03C,
				A32BFAB1B14BC7C5AB8549F0,
				5AD061437011DCEC857BEA86,
				0A3336E56A336B7CBF2BE7B0,
			);
			runOnlyForDeploymentPostprocessing = 0;
		};
/* End PBXSourcesBuildPhase section */

/* Begin XCBuildConfiguration section */
		F74568265A956002014F5B29 /* Debug */ = {isa = XCBuildConfiguration; buildSettings = {ALWAYS_SEARCH_USER_PATHS = NO;
				CLANG_ENABLE_MODULES = YES;
				CLANG_ENABLE_OBJC_ARC = YES;
				COPY_PHASE_STRIP = NO;
				DEBUG_INFORMATION_FORMAT = dwarf;
				ENABLE_STRICT_OBJC_MSGSEND = YES;
				ENABLE_TESTABILITY = YES;
				GCC_C_LANGUAGE_STANDARD = gnu17;
				GCC_DYNAMIC_NO_PIC = NO;
				GCC_NO_COMMON_BLOCKS = YES;
				GCC_OPTIMIZATION_LEVEL = 0;
				GCC_PREPROCESSOR_DEFINITIONS = ("DEBUG=1", "$(inherited)",);
				IPHONEOS_DEPLOYMENT_TARGET = 17.0;
				MTL_ENABLE_DEBUG_INFO = INCLUDE_SOURCE;
				MTL_FAST_MATH = YES;
				ONLY_ACTIVE_ARCH = YES;
				SDKROOT = iphoneos;
				SWIFT_ACTIVE_COMPILATION_CONDITIONS = "DEBUG $(inherited)";
				SWIFT_OPTIMIZATION_LEVEL = "-Onone";}; name = Debug; };
		9542E6F72F38AA9C9455B34E /* Release */ = {isa = XCBuildConfiguration; buildSettings = {ALWAYS_SEARCH_USER_PATHS = NO;
				CLANG_ENABLE_MODULES = YES;
				CLANG_ENABLE_OBJC_ARC = YES;
				COPY_PHASE_STRIP = NO;
				DEBUG_INFORMATION_FORMAT = "dwarf-with-dsym";
				ENABLE_NS_ASSERTIONS = NO;
				ENABLE_STRICT_OBJC_MSGSEND = YES;
				GCC_C_LANGUAGE_STANDARD = gnu17;
				GCC_NO_COMMON_BLOCKS = YES;
				IPHONEOS_DEPLOYMENT_TARGET = 17.0;
				MTL_ENABLE_DEBUG_INFO = NO;
				MTL_FAST_MATH = YES;
				SDKROOT = iphoneos;
				SWIFT_COMPILATION_MODE = wholemodule;
				VALIDATE_PRODUCT = YES;}; name = Release; };
		243C3A8CCFC2CECB231FF168 /* Debug */ = {isa = XCBuildConfiguration; buildSettings = {ASSETCATALOG_COMPILER_APPICON_NAME = AppIcon;
				ASSETCATALOG_COMPILER_GLOBAL_ACCENT_COLOR_NAME = AccentColor;
				CODE_SIGN_STYLE = Automatic;
				CURRENT_PROJECT_VERSION = 1;
				DEVELOPMENT_TEAM = "";
				ENABLE_PREVIEWS = YES;
				GENERATE_INFOPLIST_FILE = NO;
				INFOPLIST_FILE = SoulSpeak/Info.plist;
				INFOPLIST_KEY_CFBundleDisplayName = SoulSpeak;
				INFOPLIST_KEY_UIApplicationSupportsIndirectInputEvents = YES;
				INFOPLIST_KEY_UILaunchScreen_Generation = YES;
				INFOPLIST_KEY_UISupportedInterfaceOrientations = UIInterfaceOrientationPortrait;
				LD_RUNPATH_SEARCH_PATHS = ("$(inherited)", "@executable_path/Frameworks",);
				MARKETING_VERSION = 1.0.0;
				PRODUCT_BUNDLE_IDENTIFIER = com.soulspeak.app;
				PRODUCT_NAME = "$(TARGET_NAME)";
				SUPPORTED_PLATFORMS = "iphoneos iphonesimulator";
				SWIFT_EMIT_LOC_STRINGS = YES;
				SWIFT_VERSION = 5.0;
				TARGETED_DEVICE_FAMILY = "1,2";}; name = Debug; };
		D0067E9C8DC865C1DA15B8E0 /* Release */ = {isa = XCBuildConfiguration; buildSettings = {ASSETCATALOG_COMPILER_APPICON_NAME = AppIcon;
				ASSETCATALOG_COMPILER_GLOBAL_ACCENT_COLOR_NAME = AccentColor;
				CODE_SIGN_STYLE = Automatic;
				CURRENT_PROJECT_VERSION = 1;
				DEVELOPMENT_TEAM = "";
				ENABLE_PREVIEWS = YES;
				GENERATE_INFOPLIST_FILE = NO;
				INFOPLIST_FILE = SoulSpeak/Info.plist;
				INFOPLIST_KEY_CFBundleDisplayName = SoulSpeak;
				INFOPLIST_KEY_UIApplicationSupportsIndirectInputEvents = YES;
				INFOPLIST_KEY_UILaunchScreen_Generation = YES;
				INFOPLIST_KEY_UISupportedInterfaceOrientations = UIInterfaceOrientationPortrait;
				LD_RUNPATH_SEARCH_PATHS = ("$(inherited)", "@executable_path/Frameworks",);
				MARKETING_VERSION = 1.0.0;
				PRODUCT_BUNDLE_IDENTIFIER = com.soulspeak.app;
				PRODUCT_NAME = "$(TARGET_NAME)";
				SUPPORTED_PLATFORMS = "iphoneos iphonesimulator";
				SWIFT_EMIT_LOC_STRINGS = YES;
				SWIFT_VERSION = 5.0;
				TARGETED_DEVICE_FAMILY = "1,2";}; name = Release; };
/* End XCBuildConfiguration section */

/* Begin XCConfigurationList section */
		16B36AFD00302EC1CB39BFDE = {isa = XCConfigurationList; buildConfigurations = (243C3A8CCFC2CECB231FF168, D0067E9C8DC865C1DA15B8E0,); defaultConfigurationIsVisible = 0; defaultConfigurationName = Release; };
		69928A538C279294B2B0A8FA = {isa = XCConfigurationList; buildConfigurations = (F74568265A956002014F5B29, 9542E6F72F38AA9C9455B34E,); defaultConfigurationIsVisible = 0; defaultConfigurationName = Release; };
/* End XCConfigurationList section */

	};
	rootObject = FC84EEE1CAC8D754B48B840A /* Project object */;
}